
Microsoft Visual Studio Solution File, Format Version 12.00
# Visual Studio Version 17
VisualStudioVersion = 17.11.35222.181
MinimumVisualStudioVersion = 10.0.40219.1
Project("{9A19103F-16F7-4668-BE54-9A1E7A4F7556}") = "ProductService", "ProductService\ProductService.csproj", "{650A2B4C-B5F8-471E-B199-528E737472E8}"
EndProject
Project("{9A19103F-16F7-4668-BE54-9A1E7A4F7556}") = "TransactionService", "TransactionService\TransactionService.csproj", "{DF7957C5-F3DF-43E3-BF3A-DC3A8D966B58}"
EndProject
Project("{2150E333-8FDC-42A3-9474-1A3956D46DE8}") = "Elementos de la solución", "Elementos de la solución", "{F737D931-06ED-4EFA-9391-BA1954106CF6}"
	ProjectSection(SolutionItems) = preProject
		database.sql = database.sql
	EndProjectSection
EndProject
Global
	GlobalSection(SolutionConfigurationPlatforms) = preSolution
		Debug|Any CPU = Debug|Any CPU
		Release|Any CPU = Release|Any CPU
	EndGlobalSection
	GlobalSection(ProjectConfigurationPlatforms) = postSolution
		{650A2B4C-B5F8-471E-B199-528E737472E8}.Debug|Any CPU.ActiveCfg = Debug|Any CPU
		{650A2B4C-B5F8-471E-B199-528E737472E8}.Debug|Any CPU.Build.0 = Debug|Any CPU
		{650A2B4C-B5F8-471E-B199-528E737472E8}.Release|Any CPU.ActiveCfg = Release|Any CPU
		{650A2B4C-B5F8-471E-B199-528E737472E8}.Release|Any CPU.Build.0 = Release|Any CPU
		{DF7957C5-F3DF-43E3-BF3A-DC3A8D966B58}.Debug|Any CPU.ActiveCfg = Debug|Any CPU
		{DF7957C5-F3DF-43E3-BF3A-DC3A8D966B58}.Debug|Any CPU.Build.0 = Debug|Any CPU
		{DF7957C5-F3DF-43E3-BF3A-DC3A8D966B58}.Release|Any CPU.ActiveCfg = Release|Any CPU
		{DF7957C5-F3DF-43E3-BF3A-DC3A8D966B58}.Release|Any CPU.Build.0 = Release|Any CPU
	EndGlobalSection
	GlobalSection(SolutionProperties) = preSolution
		HideSolutionNode = FALSE
	EndGlobalSection
	GlobalSection(ExtensibilityGlobals) = postSolution
		SolutionGuid = {69B74318-A160-437F-A26B-6A993640B39C}
	EndGlobalSection
EndGlobal
